
Microsoft Visual Studio Solution File, Format Version 12.00
# Visual Studio Version 17
VisualStudioVersion = 17.4.33213.308
MinimumVisualStudioVersion = 10.0.40219.1
Project("{FAE04EC0-301F-11D3-BF4B-00C04F79EFBC}") = "StockShoe", "StockShoe\StockShoe.csproj", "{B18FF2E9-E4FE-4AAB-95AA-FE3F9C35F544}"
EndProject
Global
	GlobalSection(SolutionConfigurationPlatforms) = preSolution
		Debug|Any CPU = Debug|Any CPU
		Release|Any CPU = Release|Any CPU
	EndGlobalSection
	GlobalSection(ProjectConfigurationPlatforms) = postSolution
		{B18FF2E9-E4FE-4AAB-95AA-FE3F9C35F544}.Debug|Any CPU.ActiveCfg = Debug|Any CPU
		{B18FF2E9-E4FE-4AAB-95AA-FE3F9C35F544}.Debug|Any CPU.Build.0 = Debug|Any CPU
		{B18FF2E9-E4FE-4AAB-95AA-FE3F9C35F544}.Release|Any CPU.ActiveCfg = Release|Any CPU
		{B18FF2E9-E4FE-4AAB-95AA-FE3F9C35F544}.Release|Any CPU.Build.0 = Release|Any CPU
	EndGlobalSection
	GlobalSection(SolutionProperties) = preSolution
		HideSolutionNode = FALSE
	EndGlobalSection
	GlobalSection(ExtensibilityGlobals) = postSolution
		SolutionGuid = {827B16A2-1E11-4F90-8725-C33CC05D2F0F}
	EndGlobalSection
EndGlobal
